// !$*UTF8*$!
{
	archiveVersion = 1;
	classes = {
	};
	objectVersion = 56;
	objects = {

/* Begin PBXBuildFile section */
		7AB4AEA329D053E2004D3DFD /* WatchDetail.swift in Sources */ = {isa = PBXBuildFile; fileRef = 7AB4AEA229D053E2004D3DFD /* WatchDetail.swift */; };
		7AB4AEA629D05A2E004D3DFD /* Constant.swift in Sources */ = {isa = PBXBuildFile; fileRef = 7AB4AEA529D05A2E004D3DFD /* Constant.swift */; };
		7AB4AEAC29D1487A004D3DFD /* DetailImageView.swift in Sources */ = {isa = PBXBuildFile; fileRef = 7AB4AEAB29D1487A004D3DFD /* DetailImageView.swift */; };
		7AC6AC0F29CD785B0014CAF7 /* WatchListViewModel.swift in Sources */ = {isa = PBXBuildFile; fileRef = 7AC6AC0E29CD785B0014CAF7 /* WatchListViewModel.swift */; };
		7AC6AC1129CD78780014CAF7 /* WatchDetailViewModel.swift in Sources */ = {isa = PBXBuildFile; fileRef = 7AC6AC1029CD78780014CAF7 /* WatchDetailViewModel.swift */; };
		7AC6AC1429CD7ACB0014CAF7 /* Rating.swift in Sources */ = {isa = PBXBuildFile; fileRef = 7AC6AC1329CD7ACB0014CAF7 /* Rating.swift */; };
		7AC6AC1629CD7CD20014CAF7 /* FetchDataService.swift in Sources */ = {isa = PBXBuildFile; fileRef = 7AC6AC1529CD7CD20014CAF7 /* FetchDataService.swift */; };
		7AC6AC1829CD80740014CAF7 /* ParseDataService.swift in Sources */ = {isa = PBXBuildFile; fileRef = 7AC6AC1729CD80740014CAF7 /* ParseDataService.swift */; };
		7AC6AC1A29CD81E50014CAF7 /* GetAPIService.swift in Sources */ = {isa = PBXBuildFile; fileRef = 7AC6AC1929CD81E50014CAF7 /* GetAPIService.swift */; };
		7AC6AC1C29CD89CC0014CAF7 /* GetImageService.swift in Sources */ = {isa = PBXBuildFile; fileRef = 7AC6AC1B29CD89CC0014CAF7 /* GetImageService.swift */; };
		7AC6AC1F29CD8A190014CAF7 /* UIImageView+loadImageFromUrl.swift in Sources */ = {isa = PBXBuildFile; fileRef = 7AC6AC1E29CD8A190014CAF7 /* UIImageView+loadImageFromUrl.swift */; };
		7ADC47C729A3218100B79E69 /* AppDelegate.swift in Sources */ = {isa = PBXBuildFile; fileRef = 7ADC47C629A3218100B79E69 /* AppDelegate.swift */; };
		7ADC47C929A3218100B79E69 /* SceneDelegate.swift in Sources */ = {isa = PBXBuildFile; fileRef = 7ADC47C829A3218100B79E69 /* SceneDelegate.swift */; };
		7ADC47CB29A3218100B79E69 /* WatchListViewController.swift in Sources */ = {isa = PBXBuildFile; fileRef = 7ADC47CA29A3218100B79E69 /* WatchListViewController.swift */; };
		7ADC47CE29A3218100B79E69 /* Main.storyboard in Resources */ = {isa = PBXBuildFile; fileRef = 7ADC47CC29A3218100B79E69 /* Main.storyboard */; };
		7ADC47D029A3218300B79E69 /* Assets.xcassets in Resources */ = {isa = PBXBuildFile; fileRef = 7ADC47CF29A3218300B79E69 /* Assets.xcassets */; };
		7ADC47D329A3218300B79E69 /* LaunchScreen.storyboard in Resources */ = {isa = PBXBuildFile; fileRef = 7ADC47D129A3218300B79E69 /* LaunchScreen.storyboard */; };
		7ADC47E129A32CE000B79E69 /* WatchListTableViewCell.swift in Sources */ = {isa = PBXBuildFile; fileRef = 7ADC47E029A32CE000B79E69 /* WatchListTableViewCell.swift */; };
		7ADC47E329A32D4B00B79E69 /* Watch.swift in Sources */ = {isa = PBXBuildFile; fileRef = 7ADC47E229A32D4B00B79E69 /* Watch.swift */; };
		7ADC47E729A3543C00B79E69 /* WatchDetailViewController.swift in Sources */ = {isa = PBXBuildFile; fileRef = 7ADC47E629A3543C00B79E69 /* WatchDetailViewController.swift */; };
		7ADC47E929A3634D00B79E69 /* DetailTitleView.swift in Sources */ = {isa = PBXBuildFile; fileRef = 7ADC47E829A3634D00B79E69 /* DetailTitleView.swift */; };
		7ADC47EB29A3635E00B79E69 /* DetailHeaderTableViewCell.swift in Sources */ = {isa = PBXBuildFile; fileRef = 7ADC47EA29A3635E00B79E69 /* DetailHeaderTableViewCell.swift */; };
		7ADC47ED29A3636F00B79E69 /* DetailBodyTableViewCell.swift in Sources */ = {isa = PBXBuildFile; fileRef = 7ADC47EC29A3636F00B79E69 /* DetailBodyTableViewCell.swift */; };
		7ADC47EF29A36F3E00B79E69 /* DetailSubtitleView.swift in Sources */ = {isa = PBXBuildFile; fileRef = 7ADC47EE29A36F3E00B79E69 /* DetailSubtitleView.swift */; };
		7ADC47F129A4609200B79E69 /* StuffStoryboard.storyboard in Resources */ = {isa = PBXBuildFile; fileRef = 7ADC47F029A4609200B79E69 /* StuffStoryboard.storyboard */; };
		7ADC47F329A460BA00B79E69 /* StuffViewController.swift in Sources */ = {isa = PBXBuildFile; fileRef = 7ADC47F229A460BA00B79E69 /* StuffViewController.swift */; };
		7AFA0B9329D01ED900789A2E /* WatchDetails.swift in Sources */ = {isa = PBXBuildFile; fileRef = 7AFA0B9229D01ED900789A2E /* WatchDetails.swift */; };
		7AFA0B9529D020E300789A2E /* Weight.swift in Sources */ = {isa = PBXBuildFile; fileRef = 7AFA0B9429D020E300789A2E /* Weight.swift */; };
/* End PBXBuildFile section */

/* Begin PBXFileReference section */
		7AB4AEA229D053E2004D3DFD /* WatchDetail.swift */ = {isa = PBXFileReference; lastKnownFileType = sourcecode.swift; path = WatchDetail.swift; sourceTree = "<group>"; };
		7AB4AEA529D05A2E004D3DFD /* Constant.swift */ = {isa = PBXFileReference; lastKnownFileType = sourcecode.swift; path = Constant.swift; sourceTree = "<group>"; };
		7AB4AEAB29D1487A004D3DFD /* DetailImageView.swift */ = {isa = PBXFileReference; lastKnownFileType = sourcecode.swift; path = DetailImageView.swift; sourceTree = "<group>"; };
		7AC6AC0E29CD785B0014CAF7 /* WatchListViewModel.swift */ = {isa = PBXFileReference; lastKnownFileType = sourcecode.swift; path = WatchListViewModel.swift; sourceTree = "<group>"; };
		7AC6AC1029CD78780014CAF7 /* WatchDetailViewModel.swift */ = {isa = PBXFileReference; lastKnownFileType = sourcecode.swift; path = WatchDetailViewModel.swift; sourceTree = "<group>"; };
		7AC6AC1329CD7ACB0014CAF7 /* Rating.swift */ = {isa = PBXFileReference; lastKnownFileType = sourcecode.swift; path = Rating.swift; sourceTree = "<group>"; };
		7AC6AC1529CD7CD20014CAF7 /* FetchDataService.swift */ = {isa = PBXFileReference; lastKnownFileType = sourcecode.swift; path = FetchDataService.swift; sourceTree = "<group>"; };
		7AC6AC1729CD80740014CAF7 /* ParseDataService.swift */ = {isa = PBXFileReference; lastKnownFileType = sourcecode.swift; path = ParseDataService.swift; sourceTree = "<group>"; };
		7AC6AC1929CD81E50014CAF7 /* GetAPIService.swift */ = {isa = PBXFileReference; lastKnownFileType = sourcecode.swift; path = GetAPIService.swift; sourceTree = "<group>"; };
		7AC6AC1B29CD89CC0014CAF7 /* GetImageService.swift */ = {isa = PBXFileReference; lastKnownFileType = sourcecode.swift; path = GetImageService.swift; sourceTree = "<group>"; };
		7AC6AC1E29CD8A190014CAF7 /* UIImageView+loadImageFromUrl.swift */ = {isa = PBXFileReference; lastKnownFileType = sourcecode.swift; path = "UIImageView+loadImageFromUrl.swift"; sourceTree = "<group>"; };
		7ADC47C329A3218100B79E69 /* WatchList.app */ = {isa = PBXFileReference; explicitFileType = wrapper.application; includeInIndex = 0; path = WatchList.app; sourceTree = BUILT_PRODUCTS_DIR; };
		7ADC47C629A3218100B79E69 /* AppDelegate.swift */ = {isa = PBXFileReference; lastKnownFileType = sourcecode.swift; path = AppDelegate.swift; sourceTree = "<group>"; };
		7ADC47C829A3218100B79E69 /* SceneDelegate.swift */ = {isa = PBXFileReference; lastKnownFileType = sourcecode.swift; path = SceneDelegate.swift; sourceTree = "<group>"; };
		7ADC47CA29A3218100B79E69 /* WatchListViewController.swift */ = {isa = PBXFileReference; lastKnownFileType = sourcecode.swift; path = WatchListViewController.swift; sourceTree = "<group>"; };
		7ADC47CD29A3218100B79E69 /* Base */ = {isa = PBXFileReference; lastKnownFileType = file.storyboard; name = Base; path = Base.lproj/Main.storyboard; sourceTree = "<group>"; };
		7ADC47CF29A3218300B79E69 /* Assets.xcassets */ = {isa = PBXFileReference; lastKnownFileType = folder.assetcatalog; path = Assets.xcassets; sourceTree = "<group>"; };
		7ADC47D229A3218300B79E69 /* Base */ = {isa = PBXFileReference; lastKnownFileType = file.storyboard; name = Base; path = Base.lproj/LaunchScreen.storyboard; sourceTree = "<group>"; };
		7ADC47D429A3218300B79E69 /* Info.plist */ = {isa = PBXFileReference; lastKnownFileType = text.plist.xml; path = Info.plist; sourceTree = "<group>"; };
		7ADC47E029A32CE000B79E69 /* WatchListTableViewCell.swift */ = {isa = PBXFileReference; lastKnownFileType = sourcecode.swift; path = WatchListTableViewCell.swift; sourceTree = "<group>"; };
		7ADC47E229A32D4B00B79E69 /* Watch.swift */ = {isa = PBXFileReference; lastKnownFileType = sourcecode.swift; path = Watch.swift; sourceTree = "<group>"; };
		7ADC47E629A3543C00B79E69 /* WatchDetailViewController.swift */ = {isa = PBXFileReference; lastKnownFileType = sourcecode.swift; path = WatchDetailViewController.swift; sourceTree = "<group>"; };
		7ADC47E829A3634D00B79E69 /* DetailTitleView.swift */ = {isa = PBXFileReference; lastKnownFileType = sourcecode.swift; path = DetailTitleView.swift; sourceTree = "<group>"; };
		7ADC47EA29A3635E00B79E69 /* DetailHeaderTableViewCell.swift */ = {isa = PBXFileReference; lastKnownFileType = sourcecode.swift; path = DetailHeaderTableViewCell.swift; sourceTree = "<group>"; };
		7ADC47EC29A3636F00B79E69 /* DetailBodyTableViewCell.swift */ = {isa = PBXFileReference; lastKnownFileType = sourcecode.swift; path = DetailBodyTableViewCell.swift; sourceTree = "<group>"; };
		7ADC47EE29A36F3E00B79E69 /* DetailSubtitleView.swift */ = {isa = PBXFileReference; lastKnownFileType = sourcecode.swift; path = DetailSubtitleView.swift; sourceTree = "<group>"; };
		7ADC47F029A4609200B79E69 /* StuffStoryboard.storyboard */ = {isa = PBXFileReference; lastKnownFileType = file.storyboard; path = StuffStoryboard.storyboard; sourceTree = "<group>"; };
		7ADC47F229A460BA00B79E69 /* StuffViewController.swift */ = {isa = PBXFileReference; lastKnownFileType = sourcecode.swift; path = StuffViewController.swift; sourceTree = "<group>"; };
		7AFA0B9229D01ED900789A2E /* WatchDetails.swift */ = {isa = PBXFileReference; lastKnownFileType = sourcecode.swift; path = WatchDetails.swift; sourceTree = "<group>"; };
		7AFA0B9429D020E300789A2E /* Weight.swift */ = {isa = PBXFileReference; lastKnownFileType = sourcecode.swift; path = Weight.swift; sourceTree = "<group>"; };
/* End PBXFileReference section */

/* Begin PBXFrameworksBuildPhase section */
		7ADC47C029A3218100B79E69 /* Frameworks */ = {
			isa = PBXFrameworksBuildPhase;
			buildActionMask = 2147483647;
			files = (
			);
			runOnlyForDeploymentPostprocessing = 0;
		};
/* End PBXFrameworksBuildPhase section */

/* Begin PBXGroup section */
		7AB4AEA429D05A1D004D3DFD /* Constant */ = {
			isa = PBXGroup;
			children = (
				7AB4AEA529D05A2E004D3DFD /* Constant.swift */,
			);
			path = Constant;
			sourceTree = "<group>";
		};
		7AB4AEAA29D1483E004D3DFD /* DetailHeader */ = {
			isa = PBXGroup;
			children = (
				7AB4AEAB29D1487A004D3DFD /* DetailImageView.swift */,
				7ADC47E829A3634D00B79E69 /* DetailTitleView.swift */,
				7ADC47EE29A36F3E00B79E69 /* DetailSubtitleView.swift */,
			);
			path = DetailHeader;
			sourceTree = "<group>";
		};
		7AC6AC0329CD76E00014CAF7 /* Storyboard */ = {
			isa = PBXGroup;
			children = (
				7ADC47CC29A3218100B79E69 /* Main.storyboard */,
				7ADC47D129A3218300B79E69 /* LaunchScreen.storyboard */,
			);
			path = Storyboard;
			sourceTree = "<group>";
		};
		7AC6AC0429CD770C0014CAF7 /* WatchList */ = {
			isa = PBXGroup;
			children = (
				7AC6AC0D29CD782F0014CAF7 /* ViewModel */,
				7AC6AC0629CD773C0014CAF7 /* View */,
				7AC6AC0529CD77320014CAF7 /* Component */,
			);
			path = WatchList;
			sourceTree = "<group>";
		};
		7AC6AC0529CD77320014CAF7 /* Component */ = {
			isa = PBXGroup;
			children = (
				7ADC47E029A32CE000B79E69 /* WatchListTableViewCell.swift */,
			);
			path = Component;
			sourceTree = "<group>";
		};
		7AC6AC0629CD773C0014CAF7 /* View */ = {
			isa = PBXGroup;
			children = (
				7ADC47CA29A3218100B79E69 /* WatchListViewController.swift */,
			);
			path = View;
			sourceTree = "<group>";
		};
		7AC6AC0929CD77F40014CAF7 /* WatchDetail */ = {
			isa = PBXGroup;
			children = (
				7AFA0B9129D01ECF00789A2E /* Model */,
				7AC6AC0C29CD78280014CAF7 /* ViewModel */,
				7AC6AC0A29CD78060014CAF7 /* View */,
				7AC6AC0B29CD780D0014CAF7 /* Component */,
			);
			path = WatchDetail;
			sourceTree = "<group>";
		};
		7AC6AC0A29CD78060014CAF7 /* View */ = {
			isa = PBXGroup;
			children = (
				7ADC47E629A3543C00B79E69 /* WatchDetailViewController.swift */,
			);
			path = View;
			sourceTree = "<group>";
		};
		7AC6AC0B29CD780D0014CAF7 /* Component */ = {
			isa = PBXGroup;
			children = (
				7AB4AEAA29D1483E004D3DFD /* DetailHeader */,
				7ADC47EA29A3635E00B79E69 /* DetailHeaderTableViewCell.swift */,
				7ADC47EC29A3636F00B79E69 /* DetailBodyTableViewCell.swift */,
			);
			path = Component;
			sourceTree = "<group>";
		};
		7AC6AC0C29CD78280014CAF7 /* ViewModel */ = {
			isa = PBXGroup;
			children = (
				7AC6AC1029CD78780014CAF7 /* WatchDetailViewModel.swift */,
			);
			path = ViewModel;
			sourceTree = "<group>";
		};
		7AC6AC0D29CD782F0014CAF7 /* ViewModel */ = {
			isa = PBXGroup;
			children = (
				7AC6AC0E29CD785B0014CAF7 /* WatchListViewModel.swift */,
			);
			path = ViewModel;
			sourceTree = "<group>";
		};
		7AC6AC1229CD78B60014CAF7 /* Networking */ = {
			isa = PBXGroup;
			children = (
				7AC6AC1529CD7CD20014CAF7 /* FetchDataService.swift */,
				7AC6AC1729CD80740014CAF7 /* ParseDataService.swift */,
				7AC6AC1929CD81E50014CAF7 /* GetAPIService.swift */,
				7AC6AC1B29CD89CC0014CAF7 /* GetImageService.swift */,
			);
			path = Networking;
			sourceTree = "<group>";
		};
		7AC6AC1D29CD89E50014CAF7 /* Extension */ = {
			isa = PBXGroup;
			children = (
				7AC6AC1E29CD8A190014CAF7 /* UIImageView+loadImageFromUrl.swift */,
			);
			path = Extension;
			sourceTree = "<group>";
		};
		7ADC47BA29A3218100B79E69 = {
			isa = PBXGroup;
			children = (
				7ADC47C529A3218100B79E69 /* WatchList */,
				7ADC47C429A3218100B79E69 /* Products */,
			);
			sourceTree = "<group>";
		};
		7ADC47C429A3218100B79E69 /* Products */ = {
			isa = PBXGroup;
			children = (
				7ADC47C329A3218100B79E69 /* WatchList.app */,
			);
			name = Products;
			sourceTree = "<group>";
		};
		7ADC47C529A3218100B79E69 /* WatchList */ = {
			isa = PBXGroup;
			children = (
				7ADC47DA29A3221600B79E69 /* MainDelegate */,
				7ADC47DE29A3226A00B79E69 /* Asset */,
				7AC6AC1D29CD89E50014CAF7 /* Extension */,
				7AB4AEA429D05A1D004D3DFD /* Constant */,
				7AC6AC1229CD78B60014CAF7 /* Networking */,
				7ADC47DD29A3225300B79E69 /* Model */,
				7ADC47DC29A3223C00B79E69 /* Module */,
				7AC6AC0329CD76E00014CAF7 /* Storyboard */,
				7ADC47F029A4609200B79E69 /* StuffStoryboard.storyboard */,
				7ADC47F229A460BA00B79E69 /* StuffViewController.swift */,
				7ADC47D429A3218300B79E69 /* Info.plist */,
			);
			path = WatchList;
			sourceTree = "<group>";
		};
		7ADC47DA29A3221600B79E69 /* MainDelegate */ = {
			isa = PBXGroup;
			children = (
				7ADC47C629A3218100B79E69 /* AppDelegate.swift */,
				7ADC47C829A3218100B79E69 /* SceneDelegate.swift */,
			);
			path = MainDelegate;
			sourceTree = "<group>";
		};
		7ADC47DC29A3223C00B79E69 /* Module */ = {
			isa = PBXGroup;
			children = (
				7AC6AC0929CD77F40014CAF7 /* WatchDetail */,
				7AC6AC0429CD770C0014CAF7 /* WatchList */,
			);
			path = Module;
			sourceTree = "<group>";
		};
		7ADC47DD29A3225300B79E69 /* Model */ = {
			isa = PBXGroup;
			children = (
				7ADC47E229A32D4B00B79E69 /* Watch.swift */,
				7AC6AC1329CD7ACB0014CAF7 /* Rating.swift */,
			);
			path = Model;
			sourceTree = "<group>";
		};
		7ADC47DE29A3226A00B79E69 /* Asset */ = {
			isa = PBXGroup;
			children = (
				7ADC47CF29A3218300B79E69 /* Assets.xcassets */,
			);
			path = Asset;
			sourceTree = "<group>";
		};
		7AFA0B9129D01ECF00789A2E /* Model */ = {
			isa = PBXGroup;
			children = (
				7AFA0B9229D01ED900789A2E /* WatchDetails.swift */,
				7AB4AEA229D053E2004D3DFD /* WatchDetail.swift */,
				7AFA0B9429D020E300789A2E /* Weight.swift */,
			);
			path = Model;
			sourceTree = "<group>";
		};
/* End PBXGroup section */

/* Begin PBXNativeTarget section */
		7ADC47C229A3218100B79E69 /* WatchList */ = {
			isa = PBXNativeTarget;
			buildConfigurationList = 7ADC47D729A3218300B79E69 /* Build configuration list for PBXNativeTarget "WatchList" */;
			buildPhases = (
				7ADC47BF29A3218100B79E69 /* Sources */,
				7ADC47C029A3218100B79E69 /* Frameworks */,
				7ADC47C129A3218100B79E69 /* Resources */,
			);
			buildRules = (
			);
			dependencies = (
			);
			name = WatchList;
			packageProductDependencies = (
			);
			productName = WatchList;
			productReference = 7ADC47C329A3218100B79E69 /* WatchList.app */;
			productType = "com.apple.product-type.application";
		};
/* End PBXNativeTarget section */

/* Begin PBXProject section */
		7ADC47BB29A3218100B79E69 /* Project object */ = {
			isa = PBXProject;
			attributes = {
				BuildIndependentTargetsInParallel = 1;
				LastSwiftUpdateCheck = 1420;
				LastUpgradeCheck = 1420;
				TargetAttributes = {
					7ADC47C229A3218100B79E69 = {
						CreatedOnToolsVersion = 14.2;
					};
				};
			};
			buildConfigurationList = 7ADC47BE29A3218100B79E69 /* Build configuration list for PBXProject "WatchList" */;
			compatibilityVersion = "Xcode 14.0";
			developmentRegion = en;
			hasScannedForEncodings = 0;
			knownRegions = (
				en,
				Base,
			);
			mainGroup = 7ADC47BA29A3218100B79E69;
			packageReferences = (
			);
			productRefGroup = 7ADC47C429A3218100B79E69 /* Products */;
			projectDirPath = "";
			projectRoot = "";
			targets = (
				7ADC47C229A3218100B79E69 /* WatchList */,
			);
		};
/* End PBXProject section */

/* Begin PBXResourcesBuildPhase section */
		7ADC47C129A3218100B79E69 /* Resources */ = {
			isa = PBXResourcesBuildPhase;
			buildActionMask = 2147483647;
			files = (
				7ADC47D329A3218300B79E69 /* LaunchScreen.storyboard in Resources */,
				7ADC47D029A3218300B79E69 /* Assets.xcassets in Resources */,
				7ADC47F129A4609200B79E69 /* StuffStoryboard.storyboard in Resources */,
				7ADC47CE29A3218100B79E69 /* Main.storyboard in Resources */,
			);
			runOnlyForDeploymentPostprocessing = 0;
		};
/* End PBXResourcesBuildPhase section */

/* Begin PBXSourcesBuildPhase section */
		7ADC47BF29A3218100B79E69 /* Sources */ = {
			isa = PBXSourcesBuildPhase;
			buildActionMask = 2147483647;
			files = (
				7ADC47CB29A3218100B79E69 /* WatchListViewController.swift in Sources */,
				7AC6AC1629CD7CD20014CAF7 /* FetchDataService.swift in Sources */,
				7AB4AEA329D053E2004D3DFD /* WatchDetail.swift in Sources */,
				7ADC47E129A32CE000B79E69 /* WatchListTableViewCell.swift in Sources */,
				7AC6AC1129CD78780014CAF7 /* WatchDetailViewModel.swift in Sources */,
				7AC6AC1F29CD8A190014CAF7 /* UIImageView+loadImageFromUrl.swift in Sources */,
				7AFA0B9529D020E300789A2E /* Weight.swift in Sources */,
				7ADC47F329A460BA00B79E69 /* StuffViewController.swift in Sources */,
				7ADC47C729A3218100B79E69 /* AppDelegate.swift in Sources */,
				7AC6AC1C29CD89CC0014CAF7 /* GetImageService.swift in Sources */,
				7AB4AEA629D05A2E004D3DFD /* Constant.swift in Sources */,
				7ADC47ED29A3636F00B79E69 /* DetailBodyTableViewCell.swift in Sources */,
				7AC6AC1829CD80740014CAF7 /* ParseDataService.swift in Sources */,
				7AC6AC1429CD7ACB0014CAF7 /* Rating.swift in Sources */,
				7AC6AC1A29CD81E50014CAF7 /* GetAPIService.swift in Sources */,
				7ADC47EF29A36F3E00B79E69 /* DetailSubtitleView.swift in Sources */,
				7ADC47E329A32D4B00B79E69 /* Watch.swift in Sources */,
				7AB4AEAC29D1487A004D3DFD /* DetailImageView.swift in Sources */,
				7ADC47C929A3218100B79E69 /* SceneDelegate.swift in Sources */,
				7ADC47E929A3634D00B79E69 /* DetailTitleView.swift in Sources */,
				7AC6AC0F29CD785B0014CAF7 /* WatchListViewModel.swift in Sources */,
				7ADC47EB29A3635E00B79E69 /* DetailHeaderTableViewCell.swift in Sources */,
				7AFA0B9329D01ED900789A2E /* WatchDetails.swift in Sources */,
				7ADC47E729A3543C00B79E69 /* WatchDetailViewController.swift in Sources */,
			);
			runOnlyForDeploymentPostprocessing = 0;
		};
/* End PBXSourcesBuildPhase section */

/* Begin PBXVariantGroup section */
		7ADC47CC29A3218100B79E69 /* Main.storyboard */ = {
			isa = PBXVariantGroup;
			children = (
				7ADC47CD29A3218100B79E69 /* Base */,
			);
			name = Main.storyboard;
			sourceTree = "<group>";
		};
		7ADC47D129A3218300B79E69 /* LaunchScreen.storyboard */ = {
			isa = PBXVariantGroup;
			children = (
				7ADC47D229A3218300B79E69 /* Base */,
			);
			name = LaunchScreen.storyboard;
			sourceTree = "<group>";
		};
/* End PBXVariantGroup section */

/* Begin XCBuildConfiguration section */
		7ADC47D529A3218300B79E69 /* Debug */ = {
			isa = XCBuildConfiguration;
			buildSettings = {
				ALWAYS_SEARCH_USER_PATHS = NO;
				CLANG_ANALYZER_NONNULL = YES;
				CLANG_ANALYZER_NUMBER_OBJECT_CONVERSION = YES_AGGRESSIVE;
				CLANG_CXX_LANGUAGE_STANDARD = "gnu++20";
				CLANG_ENABLE_MODULES = YES;
				CLANG_ENABLE_OBJC_ARC = YES;
				CLANG_ENABLE_OBJC_WEAK = YES;
				CLANG_WARN_BLOCK_CAPTURE_AUTORELEASING = YES;
				CLANG_WARN_BOOL_CONVERSION = YES;
				CLANG_WARN_COMMA = YES;
				CLANG_WARN_CONSTANT_CONVERSION = YES;
				CLANG_WARN_DEPRECATED_OBJC_IMPLEMENTATIONS = YES;
				CLANG_WARN_DIRECT_OBJC_ISA_USAGE = YES_ERROR;
				CLANG_WARN_DOCUMENTATION_COMMENTS = YES;
				CLANG_WARN_EMPTY_BODY = YES;
				CLANG_WARN_ENUM_CONVERSION = YES;
				CLANG_WARN_INFINITE_RECURSION = YES;
				CLANG_WARN_INT_CONVERSION = YES;
				CLANG_WARN_NON_LITERAL_NULL_CONVERSION = YES;
				CLANG_WARN_OBJC_IMPLICIT_RETAIN_SELF = YES;
				CLANG_WARN_OBJC_LITERAL_CONVERSION = YES;
				CLANG_WARN_OBJC_ROOT_CLASS = YES_ERROR;
				CLANG_WARN_QUOTED_INCLUDE_IN_FRAMEWORK_HEADER = YES;
				CLANG_WARN_RANGE_LOOP_ANALYSIS = YES;
				CLANG_WARN_STRICT_PROTOTYPES = YES;
				CLANG_WARN_SUSPICIOUS_MOVE = YES;
				CLANG_WARN_UNGUARDED_AVAILABILITY = YES_AGGRESSIVE;
				CLANG_WARN_UNREACHABLE_CODE = YES;
				CLANG_WARN__DUPLICATE_METHOD_MATCH = YES;
				COPY_PHASE_STRIP = NO;
				DEBUG_INFORMATION_FORMAT = dwarf;
				ENABLE_STRICT_OBJC_MSGSEND = YES;
				ENABLE_TESTABILITY = YES;
				GCC_C_LANGUAGE_STANDARD = gnu11;
				GCC_DYNAMIC_NO_PIC = NO;
				GCC_NO_COMMON_BLOCKS = YES;
				GCC_OPTIMIZATION_LEVEL = 0;
				GCC_PREPROCESSOR_DEFINITIONS = (
					"DEBUG=1",
					"$(inherited)",
				);
				GCC_WARN_64_TO_32_BIT_CONVERSION = YES;
				GCC_WARN_ABOUT_RETURN_TYPE = YES_ERROR;
				GCC_WARN_UNDECLARED_SELECTOR = YES;
				GCC_WARN_UNINITIALIZED_AUTOS = YES_AGGRESSIVE;
				GCC_WARN_UNUSED_FUNCTION = YES;
				GCC_WARN_UNUSED_VARIABLE = YES;
				IPHONEOS_DEPLOYMENT_TARGET = 16.2;
				MTL_ENABLE_DEBUG_INFO = INCLUDE_SOURCE;
				MTL_FAST_MATH = YES;
				ONLY_ACTIVE_ARCH = YES;
				SDKROOT = iphoneos;
				SWIFT_ACTIVE_COMPILATION_CONDITIONS = DEBUG;
				SWIFT_OPTIMIZATION_LEVEL = "-Onone";
			};
			name = Debug;
		};
		7ADC47D629A3218300B79E69 /* Release */ = {
			isa = XCBuildConfiguration;
			buildSettings = {
				ALWAYS_SEARCH_USER_PATHS = NO;
				CLANG_ANALYZER_NONNULL = YES;
				CLANG_ANALYZER_NUMBER_OBJECT_CONVERSION = YES_AGGRESSIVE;
				CLANG_CXX_LANGUAGE_STANDARD = "gnu++20";
				CLANG_ENABLE_MODULES = YES;
				CLANG_ENABLE_OBJC_ARC = YES;
				CLANG_ENABLE_OBJC_WEAK = YES;
				CLANG_WARN_BLOCK_CAPTURE_AUTORELEASING = YES;
				CLANG_WARN_BOOL_CONVERSION = YES;
				CLANG_WARN_COMMA = YES;
				CLANG_WARN_CONSTANT_CONVERSION = YES;
				CLANG_WARN_DEPRECATED_OBJC_IMPLEMENTATIONS = YES;
				CLANG_WARN_DIRECT_OBJC_ISA_USAGE = YES_ERROR;
				CLANG_WARN_DOCUMENTATION_COMMENTS = YES;
				CLANG_WARN_EMPTY_BODY = YES;
				CLANG_WARN_ENUM_CONVERSION = YES;
				CLANG_WARN_INFINITE_RECURSION = YES;
				CLANG_WARN_INT_CONVERSION = YES;
				CLANG_WARN_NON_LITERAL_NULL_CONVERSION = YES;
				CLANG_WARN_OBJC_IMPLICIT_RETAIN_SELF = YES;
				CLANG_WARN_OBJC_LITERAL_CONVERSION = YES;
				CLANG_WARN_OBJC_ROOT_CLASS = YES_ERROR;
				CLANG_WARN_QUOTED_INCLUDE_IN_FRAMEWORK_HEADER = YES;
				CLANG_WARN_RANGE_LOOP_ANALYSIS = YES;
				CLANG_WARN_STRICT_PROTOTYPES = YES;
				CLANG_WARN_SUSPICIOUS_MOVE = YES;
				CLANG_WARN_UNGUARDED_AVAILABILITY = YES_AGGRESSIVE;
				CLANG_WARN_UNREACHABLE_CODE = YES;
				CLANG_WARN__DUPLICATE_METHOD_MATCH = YES;
				COPY_PHASE_STRIP = NO;
				DEBUG_INFORMATION_FORMAT = "dwarf-with-dsym";
				ENABLE_NS_ASSERTIONS = NO;
				ENABLE_STRICT_OBJC_MSGSEND = YES;
				GCC_C_LANGUAGE_STANDARD = gnu11;
				GCC_NO_COMMON_BLOCKS = YES;
				GCC_WARN_64_TO_32_BIT_CONVERSION = YES;
				GCC_WARN_ABOUT_RETURN_TYPE = YES_ERROR;
				GCC_WARN_UNDECLARED_SELECTOR = YES;
				GCC_WARN_UNINITIALIZED_AUTOS = YES_AGGRESSIVE;
				GCC_WARN_UNUSED_FUNCTION = YES;
				GCC_WARN_UNUSED_VARIABLE = YES;
				IPHONEOS_DEPLOYMENT_TARGET = 16.2;
				MTL_ENABLE_DEBUG_INFO = NO;
				MTL_FAST_MATH = YES;
				SDKROOT = iphoneos;
				SWIFT_COMPILATION_MODE = wholemodule;
				SWIFT_OPTIMIZATION_LEVEL = "-O";
				VALIDATE_PRODUCT = YES;
			};
			name = Release;
		};
		7ADC47D829A3218300B79E69 /* Debug */ = {
			isa = XCBuildConfiguration;
			buildSettings = {
				ASSETCATALOG_COMPILER_APPICON_NAME = AppIcon;
				ASSETCATALOG_COMPILER_GLOBAL_ACCENT_COLOR_NAME = AccentColor;
				CODE_SIGN_STYLE = Automatic;
				CURRENT_PROJECT_VERSION = 1;
				DEVELOPMENT_TEAM = 47KW45UAC4;
				GENERATE_INFOPLIST_FILE = YES;
				INFOPLIST_FILE = WatchList/Info.plist;
				INFOPLIST_KEY_UIApplicationSupportsIndirectInputEvents = YES;
				INFOPLIST_KEY_UILaunchStoryboardName = LaunchScreen;
				INFOPLIST_KEY_UIMainStoryboardFile = Main;
				INFOPLIST_KEY_UISupportedInterfaceOrientations_iPad = "UIInterfaceOrientationPortrait UIInterfaceOrientationPortraitUpsideDown UIInterfaceOrientationLandscapeLeft UIInterfaceOrientationLandscapeRight";
				INFOPLIST_KEY_UISupportedInterfaceOrientations_iPhone = "UIInterfaceOrientationPortrait UIInterfaceOrientationLandscapeLeft UIInterfaceOrientationLandscapeRight";
				LD_RUNPATH_SEARCH_PATHS = (
					"$(inherited)",
					"@executable_path/Frameworks",
				);
				MARKETING_VERSION = 1.0;
				PRODUCT_BUNDLE_IDENTIFIER = com.teguhwibowowijaya.WatchList;
				PRODUCT_NAME = "$(TARGET_NAME)";
				SWIFT_EMIT_LOC_STRINGS = YES;
				SWIFT_VERSION = 5.0;
				TARGETED_DEVICE_FAMILY = "1,2";
			};
			name = Debug;
		};
		7ADC47D929A3218300B79E69 /* Release */ = {
			isa = XCBuildConfiguration;
			buildSettings = {
				ASSETCATALOG_COMPILER_APPICON_NAME = AppIcon;
				ASSETCATALOG_COMPILER_GLOBAL_ACCENT_COLOR_NAME = AccentColor;
				CODE_SIGN_STYLE = Automatic;
				CURRENT_PROJECT_VERSION = 1;
				DEVELOPMENT_TEAM = 47KW45UAC4;
				GENERATE_INFOPLIST_FILE = YES;
				INFOPLIST_FILE = WatchList/Info.plist;
				INFOPLIST_KEY_UIApplicationSupportsIndirectInputEvents = YES;
				INFOPLIST_KEY_UILaunchStoryboardName = LaunchScreen;
				INFOPLIST_KEY_UIMainStoryboardFile = Main;
				INFOPLIST_KEY_UISupportedInterfaceOrientations_iPad = "UIInterfaceOrientationPortrait UIInterfaceOrientationPortraitUpsideDown UIInterfaceOrientationLandscapeLeft UIInterfaceOrientationLandscapeRight";
				INFOPLIST_KEY_UISupportedInterfaceOrientations_iPhone = "UIInterfaceOrientationPortrait UIInterfaceOrientationLandscapeLeft UIInterfaceOrientationLandscapeRight";
				LD_RUNPATH_SEARCH_PATHS = (
					"$(inherited)",
					"@executable_path/Frameworks",
				);
				MARKETING_VERSION = 1.0;
				PRODUCT_BUNDLE_IDENTIFIER = com.teguhwibowowijaya.WatchList;
				PRODUCT_NAME = "$(TARGET_NAME)";
				SWIFT_EMIT_LOC_STRINGS = YES;
				SWIFT_VERSION = 5.0;
				TARGETED_DEVICE_FAMILY = "1,2";
			};
			name = Release;
		};
/* End XCBuildConfiguration section */

/* Begin XCConfigurationList section */
		7ADC47BE29A3218100B79E69 /* Build configuration list for PBXProject "WatchList" */ = {
			isa = XCConfigurationList;
			buildConfigurations = (
				7ADC47D529A3218300B79E69 /* Debug */,
				7ADC47D629A3218300B79E69 /* Release */,
			);
			defaultConfigurationIsVisible = 0;
			defaultConfigurationName = Release;
		};
		7ADC47D729A3218300B79E69 /* Build configuration list for PBXNativeTarget "WatchList" */ = {
			isa = XCConfigurationList;
			buildConfigurations = (
				7ADC47D829A3218300B79E69 /* Debug */,
				7ADC47D929A3218300B79E69 /* Release */,
			);
			defaultConfigurationIsVisible = 0;
			defaultConfigurationName = Release;
		};
/* End XCConfigurationList section */
	};
	rootObject = 7ADC47BB29A3218100B79E69 /* Project object */;
}
